# Additional packages only; base environment provides Torch, NumPy and cv2.
albucore==0.0.24 --hash=sha256:adef6e434e50e22c2ee127b7a3e71f2e35fa088bcf54431e18970b62d97d0005
albumentations==2.0.8 --hash=sha256:c4c4259aaf04a7386ad85c7fdcb73c6c7146ca3057446b745cc035805acb1017
annotated-types==0.8.0 --hash=sha256:f072f4d804ea359e4eaf198b1af7a8b0943881a87f31bb764f8bf219bb9419e0
einops==0.8.1 --hash=sha256:919387eb55330f5757c6bea9165c5ff5cfe63a642682ea788a6d472576d81737
ensemble-boxes==1.0.9 --hash=sha256:f095f34d28034213791b8793b9de4d8ba6e40e6a2a6af02336b84c485d853d6a
hdbscan==0.8.40 --hash=sha256:5e958f0d7a33cd2b5e8e927b47f7360bf8a3e7d72355dd65a701e8aabe407b27
httpcore==1.0.9 --hash=sha256:2d400746a40668fc9dec9810239072b40b4484b640a8c38fd654a024c7a1bf55
httpx==0.28.1 --hash=sha256:d909fcccc110f8c7faf814ca82a9a4d816bc5a6dbfea25d6591d6985b8ba59ad
llvmlite==0.49.0 --hash=sha256:4b0e710880b7cc910392bd6b9f1bbf468fed99b182e4420d51598f36114b3dce
numba==0.67.0 --hash=sha256:3fa3d1b27f96f2c0d54513d953d7197886aa1eaa7d2439a0eedc44d993fb181a
nvidia-ml-py==13.615.71 --hash=sha256:959bf4adf6fe1308e4bd739e722236b0d1ec8392e2cefad33ff70c311380b9b6
polars-runtime-32==1.44.2 --hash=sha256:e0fd43720c8222ae39919c8ff891636d53b352706087120e62f83544dd3ff782
polars==1.44.2 --hash=sha256:1bb331f17a40d9d931101533dcd33637b66edc61eb377b07020dac16a0f0377b
psutil==7.2.2 --hash=sha256:1a7b04c10f32cc88ab39cbf606e117fd74721c831c98a27dc04578deb0c16979
pydantic==2.13.5 --hash=sha256:346a034f080da3755d8e9cb5e00e8b07de1d39e4f6e2c87d8ab7cafa0b269a73
pydantic_core==2.46.5 --hash=sha256:d625a186a65201c23a9e3b8ed9c47e90a026e03256608cc91851c6709096844f
shapely==2.1.2 --hash=sha256:16a9c722ba774cf50b5d4541242b4cce05aafd44a015290c82ba8a16931ff63d
simsimd==6.5.16 --hash=sha256:2802bc828bc5d22cec0b9a01f8fa3b0bf4df699f30ca05309035d1f57400fa07
stringzilla==5.1.2 --hash=sha256:7fc4c6b6f808a88e6335870fdaf06af838ac344b871ec6c7f08f6c717189ab03
typing-inspection==0.4.4 --hash=sha256:65b8397ba37ccbce054456aaccddfc91e6e3083c92824df348d96ca832f3f147
ultralytics-platform==0.1.65 --hash=sha256:7b42c7be4f3d813f6b6e16222e94f3968a1dcc589e03bc0231a146c3149ddc2e
ultralytics-thop==2.2.1 --hash=sha256:fcf3a58db5fbbde800079ab09d4915e9cc3f86e0a78b6a4e7b525149b2d18569
ultralytics==8.4.164 --hash=sha256:b85b524c322349d75819009e52e1bfd67bf902a30daf0a0e448bf8b9b60c52cd
