# Cache inventory only. Do not install all entries together; see main integration guide.
PySocks==1.7.1 --hash=sha256:2725bd0a9925919b9b51739eea5f9e2bae91e83288108a9ad338b2e3a4435ee5
albucore==0.0.24 --hash=sha256:adef6e434e50e22c2ee127b7a3e71f2e35fa088bcf54431e18970b62d97d0005
albumentations==2.0.8 --hash=sha256:c4c4259aaf04a7386ad85c7fdcb73c6c7146ca3057446b745cc035805acb1017
annotated-types==0.8.0 --hash=sha256:f072f4d804ea359e4eaf198b1af7a8b0943881a87f31bb764f8bf219bb9419e0
anyio==4.15.1 --hash=sha256:6152fdbbf9a77fdec97731721bebf7c4c44f7c29b424b0065826173efc7ed101
beautifulsoup4==4.15.0 --hash=sha256:d6f88de62e1d4e38ecb1077eb9724cd0eff29d2a08ca16a401e9b9e93f117cf9
certifi==2026.7.22 --hash=sha256:62f22742b58a1a33014a2b6b706588a8d7e2a88ae7bd1a6ebe8c992928483775
charset-normalizer==3.5.1 --hash=sha256:eda059b6bc8bc0812d626fd91a7ce01bf583df0a61296eff390fd94141a34e30
click==8.5.0 --hash=sha256:255bc9599cf7748b4b1a446ccc735421bd08a2ae529a8b88597d3de5664ee360
cloudpickle==3.1.2 --hash=sha256:9acb47f6afd73f60dc1df93bb801b472f05ff42fa6c84167d25cb206be1fbf4a
contourpy==1.3.3 --hash=sha256:23416f38bfd74d5d28ab8429cc4d63fa67d5068bd711a85edb1c3fb0c3e2f381
cycler==0.12.1 --hash=sha256:85cef7cff222d8644161529808465972e51340599459b8ac3ccbac5a854e0d30
einops==0.8.1 --hash=sha256:919387eb55330f5757c6bea9165c5ff5cfe63a642682ea788a6d472576d81737
ensemble-boxes==1.0.9 --hash=sha256:f095f34d28034213791b8793b9de4d8ba6e40e6a2a6af02336b84c485d853d6a
filelock==4.0.4 --hash=sha256:0df72be195ca7892216d16f2edce8d9b93a571f02402972020a8cff84c594c7b
fonttools==4.66.0 --hash=sha256:b432b6b54a0f3be118c6243312c826aa086aa9bcb150160be4f0bc8a21ea3aaa
fsspec==2026.9.0 --hash=sha256:8dd6e646e99ea382bd85f97a45e6b526a442d79423a7dc673f1e2756d05fcb5f
gdown==6.4.0 --hash=sha256:a0f6dd1d23119e36d594822421d151c832641b92dd32bb8d30e870d24fe55149
h11==0.16.0 --hash=sha256:63cf8bbe7522de3bf65932fda1d9c2772064ffb3dae62d55932da54b31cb6c86
hdbscan==0.8.40 --hash=sha256:5e958f0d7a33cd2b5e8e927b47f7360bf8a3e7d72355dd65a701e8aabe407b27
hf-xet==1.6.0 --hash=sha256:f0906082d9932ae0c0057fa194041c22b4e2cdb46b2592ef3b91f020d62a081a
httpcore==1.0.9 --hash=sha256:2d400746a40668fc9dec9810239072b40b4484b640a8c38fd654a024c7a1bf55
httpcore2==2.13.1 --hash=sha256:e1e05d4f25f7d7d496bfb96748f6f4b67657b03da069b3a68c36069f3db73d0a
httpx==0.28.1 --hash=sha256:d909fcccc110f8c7faf814ca82a9a4d816bc5a6dbfea25d6591d6985b8ba59ad
httpx2==2.13.1 --hash=sha256:6dff50fabc270ee5fd25d845d0b078ed20564579744d6d962850975996d2f9a4
huggingface_hub==2.0.0 --hash=sha256:b3eecb60540c17e8ef94c187104f4a5c0c451afcb9510ba8e17739bedcc2d6dd
idna==3.20 --hash=sha256:ab7ae7122974553370f0bdb919e1a960b2cd1bc1ef0276416d896db81c14582c
ImageIO==2.37.4 --hash=sha256:1ab2e22c8debf700f24c3ac43e8f95f3b3a8110c83b93411e97b4b0b2cd1c7e6
Jinja2==3.1.6 --hash=sha256:85ece4451f492d0c13c5dd7c13a64681a86afae63a5f347908daf103ce6d2f67
joblib==1.6.0 --hash=sha256:3dbbf9f6e4b592a2357b854608e980fe6390d131d7a82f011a377ef2ebef7aba
kiwisolver==1.5.1 --hash=sha256:dc1a26b8e53395a01c2c611e58602fa47461f136fba7cd5542e6db6d64be1839
lazy-loader==0.6 --hash=sha256:77253be3391b06124a0e16105bd663b6c54470af1a9ca8e1cf026f38d58ed056
llvmlite==0.49.0 --hash=sha256:4b0e710880b7cc910392bd6b9f1bbf468fed99b182e4420d51598f36114b3dce
MarkupSafe==3.0.3 --hash=sha256:4bd4cd07944443f5a265608cc6aab442e4f74dff8088b0dfc8238647b8f6ae9a
matplotlib==3.8.4 --hash=sha256:232ce322bfd020a434caaffbd9a95333f7c2491e59cfc014041d95e38ab90d1c
mpmath==1.3.0 --hash=sha256:a0b2b9fe80bbcd81a6647ff13108738cfb482d481d826cc0e02f5b35e5c88d2c
networkx==3.6.1 --hash=sha256:d47fbf302e7d9cbbb9e2555a0d267983d2aa476bac30e90dfbe5669bd57f3762
numba==0.67.0 --hash=sha256:3fa3d1b27f96f2c0d54513d953d7197886aa1eaa7d2439a0eedc44d993fb181a
numpy==1.26.4 --hash=sha256:edd8b5fe47dab091176d21bb6de568acdd906d1887a4584a15a9a96a1dca06ef
nvidia-ml-py==13.615.71 --hash=sha256:959bf4adf6fe1308e4bd739e722236b0d1ec8392e2cefad33ff70c311380b9b6
opencv-contrib-python-headless==4.11.0.86 --hash=sha256:b34485c0164057726eee8cb80d5cd5dedaab5edde716451fb4107dcc60cf40f0
opencv-python==4.11.0.86 --hash=sha256:432f67c223f1dc2824f5e73cdfcd9db0efc8710647d4e813012195dc9122a52a
opencv-python-headless==4.11.0.86 --hash=sha256:48128188ade4a7e517237c8e1e11a9cdf5c282761473383e77beb875bb1e61ca
packaging==26.3 --hash=sha256:d7193f7c8e4e93f444fde0262bf90af30e16fa0ad0ad44cb553c87339b23cd1c
pandas==1.5.3 --hash=sha256:f76d097d12c82a535fda9dfe5e8dd4127952b45fea9b0276cb30cca5ea313fbc
pi_heif==1.4.0 --hash=sha256:dafa2ea7e7ff594f64fa60e0cd25b3dea9d200277d7aed9fb2b73835fa41fb6d
pillow==12.2.0 --hash=sha256:71cde9a1e1551df7d34a25462fc60325e8a11a82cc2e2f54578e5e9a1e153d65
polars==1.44.2 --hash=sha256:1bb331f17a40d9d931101533dcd33637b66edc61eb377b07020dac16a0f0377b
polars-runtime-32==1.44.2 --hash=sha256:e0fd43720c8222ae39919c8ff891636d53b352706087120e62f83544dd3ff782
psutil==7.2.2 --hash=sha256:1a7b04c10f32cc88ab39cbf606e117fd74721c831c98a27dc04578deb0c16979
ptflops==0.7.3 --hash=sha256:19272f25f716fd1edafba9212698b8b0961b0e8b4fd6c8ffc0a47f02c33e0d15
pydantic==2.13.5 --hash=sha256:346a034f080da3755d8e9cb5e00e8b07de1d39e4f6e2c87d8ab7cafa0b269a73
pydantic_core==2.46.5 --hash=sha256:d625a186a65201c23a9e3b8ed9c47e90a026e03256608cc91851c6709096844f
pyparsing==3.3.3 --hash=sha256:ece8c00a69cf01b45d0b1dedabb469c90d8caf996d4fda40f147627a122849a4
python-dateutil==2.9.0.post0 --hash=sha256:a8b2bc7bffae282281c8140a97d3aa9c14da0b136dfe83f850eea9a5f7470427
pytz==2026.4 --hash=sha256:9d514388fbc89ca0833203464272ac485b8828568ab73532f5020f17e892a0ff
PyYAML==6.0.3 --hash=sha256:652cb6edd41e718550aad172851962662ff2681490a8a711af6a4d288dd96824
requests==2.34.2 --hash=sha256:2a0d60c172f83ac6ab31e4554906c0f3b3588d37b5cb939b1c061f4907e278e0
safetensors==0.8.0 --hash=sha256:c80201d22cbf405b80647a60ada77bba06c8fba2da2743ba1e89cdcc39a81f25
scikit-image==0.25.2 --hash=sha256:d989d64ff92e0c6c0f2018c7495a5b20e2451839299a018e0e5108b2680f71e0
scikit-learn==1.5.2 --hash=sha256:1ff45e26928d3b4eb767a8f14a9a6efbf1cbff7c05d1fb0f95f211a89fd4f5de
scipy==1.17.1 --hash=sha256:a3472cfbca0a54177d0faa68f697d8ba4c80bbdc19908c3465556d9f7efce9ee
seaborn==0.13.2 --hash=sha256:636f8336facf092165e27924f223d3c62ca560b1f2bb5dff7ab7fad265361987
shapely==2.1.2 --hash=sha256:16a9c722ba774cf50b5d4541242b4cce05aafd44a015290c82ba8a16931ff63d
simsimd==6.5.16 --hash=sha256:2802bc828bc5d22cec0b9a01f8fa3b0bf4df699f30ca05309035d1f57400fa07
six==1.17.0 --hash=sha256:4721f391ed90541fddacab5acf947aa0d3dc7d27b2e1e8eda2be8970586c3274
soupsieve==2.10 --hash=sha256:8596eb8967d744174820280fa62b4542a2e955bfaccca73ed8a13c6eb8e9b502
stringzilla==5.1.2 --hash=sha256:7fc4c6b6f808a88e6335870fdaf06af838ac344b871ec6c7f08f6c717189ab03
sympy==1.14.0 --hash=sha256:e091cc3e99d2141a0ba2847328f5479b05d94a6635cb96148ccb3f34671bd8f5
threadpoolctl==3.7.0 --hash=sha256:cd8b60b5641b45c67bbf73c64c843235fc2d8a480c87389f52f5dbee893b86be
tifffile==2026.3.3 --hash=sha256:e8be15c94273113d31ecb7aa3a39822189dd11c4967e3cc88c178f1ad2fd1170
timm==1.0.30 --hash=sha256:c8e27adf6801a2fdfb570dbbdd171f2f084756eefc673df8cfaab06bd14864f3
torch==2.8.0 --hash=sha256:5ae0524688fb6707c57a530c2325e13bb0090b745ba7b4a2cd6a3ce262572916
torchsummary==1.5.1 --hash=sha256:10f41d1743fb918f83293f13183f532ab1bb8f6639a1b89e5f8592ec1919a976
torchvision==0.23.0 --hash=sha256:49aa20e21f0c2bd458c71d7b449776cbd5f16693dd5807195a820612b8a229b7
tqdm==4.70.1 --hash=sha256:c293e525e6fef9c20e8728fd4612df02a0aa31bb5fe91ecd93e123b1b7bffa73
truststore==0.10.4 --hash=sha256:adaeaecf1cbb5f4de3b1959b42d41f6fab57b2b1666adb59e89cb0b53361d981
typing_extensions==4.16.0 --hash=sha256:481caa481374e813c1b176ada14e97f1f67a4539ce9cfeb3f350d78d6370c2e8
typing-inspection==0.4.4 --hash=sha256:65b8397ba37ccbce054456aaccddfc91e6e3083c92824df348d96ca832f3f147
ultralytics==8.4.164 --hash=sha256:b85b524c322349d75819009e52e1bfd67bf902a30daf0a0e448bf8b9b60c52cd
ultralytics-platform==0.1.65 --hash=sha256:7b42c7be4f3d813f6b6e16222e94f3968a1dcc589e03bc0231a146c3149ddc2e
ultralytics-thop==2.2.1 --hash=sha256:fcf3a58db5fbbde800079ab09d4915e9cc3f86e0a78b6a4e7b525149b2d18569
urllib3==2.8.0 --hash=sha256:0cf3cae568d36aa9576b28dfb35f11328f1cb974ca7647d9475ebb86c75ac6e3
